
Microsoft Visual Studio Solution File, Format Version 12.00
# Visual Studio 14
VisualStudioVersion = 14.0.25420.1
MinimumVisualStudioVersion = 10.0.40219.1
Project("{FAE04EC0-301F-11D3-BF4B-00C04F79EFBC}") = "Games.TicTacToe", "Games.TicTacToe\Games.TicTacToe.csproj", "{0A5CD8FF-DECF-437E-B0C9-B97DCFE41803}"
EndProject
Project("{FAE04EC0-301F-11D3-BF4B-00C04F79EFBC}") = "Games.TicTacToe.Tests", "Games.TicTacToe.Tests\Games.TicTacToe.Tests.csproj", "{56120DDC-9E57-4F5D-ABC9-C7F86BC84A61}"
EndProject
Project("{FAE04EC0-301F-11D3-BF4B-00C04F79EFBC}") = "Games.TicTacToe.Tournament", "Games.TicTacToe.Tournament\Games.TicTacToe.Tournament.csproj", "{E73F3B72-B741-458B-9D68-0EFE46707601}"
EndProject
Project("{FAE04EC0-301F-11D3-BF4B-00C04F79EFBC}") = "Games.TicTacToe.TournamentViz", "Games.TicTacToe.TournamentViz\Games.TicTacToe.TournamentViz.csproj", "{C28733B5-449D-49F1-AEC2-FDF765A2FE61}"
EndProject
Global
	GlobalSection(SolutionConfigurationPlatforms) = preSolution
		Debug|Any CPU = Debug|Any CPU
		Release|Any CPU = Release|Any CPU
	EndGlobalSection
	GlobalSection(ProjectConfigurationPlatforms) = postSolution
		{0A5CD8FF-DECF-437E-B0C9-B97DCFE41803}.Debug|Any CPU.ActiveCfg = Debug|Any CPU
		{0A5CD8FF-DECF-437E-B0C9-B97DCFE41803}.Debug|Any CPU.Build.0 = Debug|Any CPU
		{0A5CD8FF-DECF-437E-B0C9-B97DCFE41803}.Release|Any CPU.ActiveCfg = Release|Any CPU
		{0A5CD8FF-DECF-437E-B0C9-B97DCFE41803}.Release|Any CPU.Build.0 = Release|Any CPU
		{56120DDC-9E57-4F5D-ABC9-C7F86BC84A61}.Debug|Any CPU.ActiveCfg = Debug|Any CPU
		{56120DDC-9E57-4F5D-ABC9-C7F86BC84A61}.Debug|Any CPU.Build.0 = Debug|Any CPU
		{56120DDC-9E57-4F5D-ABC9-C7F86BC84A61}.Release|Any CPU.ActiveCfg = Release|Any CPU
		{56120DDC-9E57-4F5D-ABC9-C7F86BC84A61}.Release|Any CPU.Build.0 = Release|Any CPU
		{E73F3B72-B741-458B-9D68-0EFE46707601}.Debug|Any CPU.ActiveCfg = Debug|Any CPU
		{E73F3B72-B741-458B-9D68-0EFE46707601}.Debug|Any CPU.Build.0 = Debug|Any CPU
		{E73F3B72-B741-458B-9D68-0EFE46707601}.Release|Any CPU.ActiveCfg = Release|Any CPU
		{E73F3B72-B741-458B-9D68-0EFE46707601}.Release|Any CPU.Build.0 = Release|Any CPU
		{C28733B5-449D-49F1-AEC2-FDF765A2FE61}.Debug|Any CPU.ActiveCfg = Debug|Any CPU
		{C28733B5-449D-49F1-AEC2-FDF765A2FE61}.Debug|Any CPU.Build.0 = Debug|Any CPU
		{C28733B5-449D-49F1-AEC2-FDF765A2FE61}.Release|Any CPU.ActiveCfg = Release|Any CPU
		{C28733B5-449D-49F1-AEC2-FDF765A2FE61}.Release|Any CPU.Build.0 = Release|Any CPU
	EndGlobalSection
	GlobalSection(SolutionProperties) = preSolution
		HideSolutionNode = FALSE
	EndGlobalSection
EndGlobal
